
Microsoft Visual Studio Solution File, Format Version 11.00
# Visual Basic Express 2010
Project("{F184B08F-C81C-45F6-A57F-5ABD9991F28F}") = "Link Downloader", "Link Downloader\Link Downloader.vbproj", "{1E4E46D6-A828-4394-B3D3-F9EF3C95C205}"
EndProject
Global
	GlobalSection(SolutionConfigurationPlatforms) = preSolution
		Debug|x86 = Debug|x86
		Release|x86 = Release|x86
	EndGlobalSection
	GlobalSection(ProjectConfigurationPlatforms) = postSolution
		{1E4E46D6-A828-4394-B3D3-F9EF3C95C205}.Debug|x86.ActiveCfg = Debug|x86
		{1E4E46D6-A828-4394-B3D3-F9EF3C95C205}.Debug|x86.Build.0 = Debug|x86
		{1E4E46D6-A828-4394-B3D3-F9EF3C95C205}.Release|x86.ActiveCfg = Release|x86
		{1E4E46D6-A828-4394-B3D3-F9EF3C95C205}.Release|x86.Build.0 = Release|x86
	EndGlobalSection
	GlobalSection(SolutionProperties) = preSolution
		HideSolutionNode = FALSE
	EndGlobalSection
EndGlobal
